
Microsoft Visual Studio Solution File, Format Version 12.00
# Visual Studio Version 16
VisualStudioVersion = 25.0.1706.7
MinimumVisualStudioVersion = 10.0.40219.1
Project("{FAE04EC0-301F-11D3-BF4B-00C04F79EFBC}") = "Veldrid.Maui.Samples", "Veldrid.Maui.Samples.csproj", "{30A253E2-F446-4001-BC5E-E93542841144}"
EndProject
Global
	GlobalSection(SolutionConfigurationPlatforms) = preSolution
		Debug|Any CPU = Debug|Any CPU
		Release|Any CPU = Release|Any CPU
	EndGlobalSection
	GlobalSection(ProjectConfigurationPlatforms) = postSolution
		{30A253E2-F446-4001-BC5E-E93542841144}.Debug|Any CPU.ActiveCfg = Debug|Any CPU
		{30A253E2-F446-4001-BC5E-E93542841144}.Debug|Any CPU.Build.0 = Debug|Any CPU
		{30A253E2-F446-4001-BC5E-E93542841144}.Release|Any CPU.ActiveCfg = Release|Any CPU
		{30A253E2-F446-4001-BC5E-E93542841144}.Release|Any CPU.Build.0 = Release|Any CPU
	EndGlobalSection
	GlobalSection(SolutionProperties) = preSolution
		HideSolutionNode = FALSE
	EndGlobalSection
	GlobalSection(ExtensibilityGlobals) = postSolution
		SolutionGuid = {08DD25DE-8AB9-401C-8D99-4919C1D1AECE}
	EndGlobalSection
EndGlobal
